
Microsoft Visual Studio Solution File, Format Version 12.00
# Visual Studio Version 17
VisualStudioVersion = 17.7.34031.279
MinimumVisualStudioVersion = 10.0.40219.1
Project("{FAE04EC0-301F-11D3-BF4B-00C04F79EFBC}") = "Bugbusters", "Bugbusters.csproj", "{28169A1A-A181-4A0C-B7AB-23743E8901CB}"
EndProject
Global
	GlobalSection(SolutionConfigurationPlatforms) = preSolution
		Debug|Any CPU = Debug|Any CPU
		Release|Any CPU = Release|Any CPU
	EndGlobalSection
	GlobalSection(ProjectConfigurationPlatforms) = postSolution
		{28169A1A-A181-4A0C-B7AB-23743E8901CB}.Debug|Any CPU.ActiveCfg = Debug|Any CPU
		{28169A1A-A181-4A0C-B7AB-23743E8901CB}.Debug|Any CPU.Build.0 = Debug|Any CPU
		{28169A1A-A181-4A0C-B7AB-23743E8901CB}.Release|Any CPU.ActiveCfg = Release|Any CPU
		{28169A1A-A181-4A0C-B7AB-23743E8901CB}.Release|Any CPU.Build.0 = Release|Any CPU
	EndGlobalSection
	GlobalSection(SolutionProperties) = preSolution
		HideSolutionNode = FALSE
	EndGlobalSection
	GlobalSection(ExtensibilityGlobals) = postSolution
		SolutionGuid = {00E4DE81-4697-420B-A8BE-AAA929317A81}
	EndGlobalSection
EndGlobal
